Microsoft Visual Studio Solution File, Format Version 12.00
# Visual Studio Version 17
VisualStudioVersion = 17.5.2.0
MinimumVisualStudioVersion = 10.0.40219.1
Project("{FAE04EC0-301F-11D3-BF4B-00C04F79EFBC}") = "DrugStoreWebsiteAuthen.Domain", "DrugStoreWebsiteAuthen.Domain.csproj", "{31876FF1-C786-19AE-0DED-EA9DAEACE7A6}"
EndProject
Global
	GlobalSection(SolutionConfigurationPlatforms) = preSolution
		Debug|Any CPU = Debug|Any CPU
		Release|Any CPU = Release|Any CPU
	EndGlobalSection
	GlobalSection(ProjectConfigurationPlatforms) = postSolution
		{31876FF1-C786-19AE-0DED-EA9DAEACE7A6}.Debug|Any CPU.ActiveCfg = Debug|Any CPU
		{31876FF1-C786-19AE-0DED-EA9DAEACE7A6}.Debug|Any CPU.Build.0 = Debug|Any CPU
		{31876FF1-C786-19AE-0DED-EA9DAEACE7A6}.Release|Any CPU.ActiveCfg = Release|Any CPU
		{31876FF1-C786-19AE-0DED-EA9DAEACE7A6}.Release|Any CPU.Build.0 = Release|Any CPU
	EndGlobalSection
	GlobalSection(SolutionProperties) = preSolution
		HideSolutionNode = FALSE
	EndGlobalSection
	GlobalSection(ExtensibilityGlobals) = postSolution
		SolutionGuid = {15E8B814-34AF-439A-8BAF-6507DFDDC06D}
	EndGlobalSection
EndGlobal
